Microsoft Visual Studio Solution File, Format Version 12.00
# Visual Studio 2015
Project("{8BC9CEB8-8B4A-11D0-8D11-00A0C91BC942}") = "libuv", "libuv.vcxproj", "{10756920-552E-C5F2-A612-ED23DE0E79DC}"
EndProject
Project("{8BC9CEB8-8B4A-11D0-8D11-00A0C91BC942}") = "run-benchmarks", "run-benchmarks.vcxproj", "{711C8C25-91CB-89BB-E34D-07A7B48CABC1}"
	ProjectSection(ProjectDependencies) = postProject
		{10756920-552E-C5F2-A612-ED23DE0E79DC} = {10756920-552E-C5F2-A612-ED23DE0E79DC}
	EndProjectSection
EndProject
Project("{8BC9CEB8-8B4A-11D0-8D11-00A0C91BC942}") = "run-tests", "run-tests.vcxproj", "{09FD93FF-149C-BD56-8C0E-EA6A7F9721EE}"
	ProjectSection(ProjectDependencies) = postProject
		{10756920-552E-C5F2-A612-ED23DE0E79DC} = {10756920-552E-C5F2-A612-ED23DE0E79DC}
	EndProjectSection
EndProject
Global
	GlobalSection(SolutionConfigurationPlatforms) = preSolution
		Debug|x64 = Debug|x64
		Release|x64 = Release|x64
	EndGlobalSection
	GlobalSection(ProjectConfigurationPlatforms) = postSolution
		{09FD93FF-149C-BD56-8C0E-EA6A7F9721EE}.Debug|x64.ActiveCfg = Debug|x64
		{09FD93FF-149C-BD56-8C0E-EA6A7F9721EE}.Debug|x64.Build.0 = Debug|x64
		{09FD93FF-149C-BD56-8C0E-EA6A7F9721EE}.Release|x64.ActiveCfg = Release|x64
		{09FD93FF-149C-BD56-8C0E-EA6A7F9721EE}.Release|x64.Build.0 = Release|x64
		{10756920-552E-C5F2-A612-ED23DE0E79DC}.Debug|x64.ActiveCfg = Debug|x64
		{10756920-552E-C5F2-A612-ED23DE0E79DC}.Debug|x64.Build.0 = Debug|x64
		{10756920-552E-C5F2-A612-ED23DE0E79DC}.Release|x64.ActiveCfg = Release|x64
		{10756920-552E-C5F2-A612-ED23DE0E79DC}.Release|x64.Build.0 = Release|x64
		{711C8C25-91CB-89BB-E34D-07A7B48CABC1}.Debug|x64.ActiveCfg = Debug|x64
		{711C8C25-91CB-89BB-E34D-07A7B48CABC1}.Debug|x64.Build.0 = Debug|x64
		{711C8C25-91CB-89BB-E34D-07A7B48CABC1}.Release|x64.ActiveCfg = Release|x64
		{711C8C25-91CB-89BB-E34D-07A7B48CABC1}.Release|x64.Build.0 = Release|x64
	EndGlobalSection
	GlobalSection(SolutionProperties) = preSolution
		HideSolutionNode = FALSE
	EndGlobalSection
EndGlobal
